// !$*UTF8*$!
{
	archiveVersion = 1;
	classes = {
	};
	objectVersion = 50;
	objects = {

/* Begin PBXBuildFile section */
		D834DFDE27058695000ED04E /* InstagramApp.swift in Sources */ = {isa = PBXBuildFile; fileRef = D834DFDD27058695000ED04E /* InstagramApp.swift */; };
		D834DFE027058695000ED04E /* ContentView.swift in Sources */ = {isa = PBXBuildFile; fileRef = D834DFDF27058695000ED04E /* ContentView.swift */; };
		D834DFE227058696000ED04E /* Assets.xcassets in Resources */ = {isa = PBXBuildFile; fileRef = D834DFE127058696000ED04E /* Assets.xcassets */; };
		D834DFE527058696000ED04E /* Preview Assets.xcassets in Resources */ = {isa = PBXBuildFile; fileRef = D834DFE427058696000ED04E /* Preview Assets.xcassets */; };
		D834DFFA270594D5000ED04E /* NotificationsView.swift in Sources */ = {isa = PBXBuildFile; fileRef = D834DFF9270594D5000ED04E /* NotificationsView.swift */; };
		D834DFFC27059504000ED04E /* SearchView.swift in Sources */ = {isa = PBXBuildFile; fileRef = D834DFFB27059504000ED04E /* SearchView.swift */; };
		D834DFFE2705952A000ED04E /* UploadPostView.swift in Sources */ = {isa = PBXBuildFile; fileRef = D834DFFD2705952A000ED04E /* UploadPostView.swift */; };
		D834E00027059553000ED04E /* ProfileView.swift in Sources */ = {isa = PBXBuildFile; fileRef = D834DFFF27059553000ED04E /* ProfileView.swift */; };
		D834E0022705957A000ED04E /* FeedView.swift in Sources */ = {isa = PBXBuildFile; fileRef = D834E0012705957A000ED04E /* FeedView.swift */; };
		D834E00427059609000ED04E /* MainTabView.swift in Sources */ = {isa = PBXBuildFile; fileRef = D834E00327059609000ED04E /* MainTabView.swift */; };
		D834E00727059DC5000ED04E /* FeedCell.swift in Sources */ = {isa = PBXBuildFile; fileRef = D834E00627059DC4000ED04E /* FeedCell.swift */; };
		D85EAA41270ED9ED00932EF3 /* SearchBar.swift in Sources */ = {isa = PBXBuildFile; fileRef = D85EAA40270ED9ED00932EF3 /* SearchBar.swift */; };
		D89378F2272A7CDA00B7F4BD /* PostGridView.swift in Sources */ = {isa = PBXBuildFile; fileRef = D89378F1272A7CDA00B7F4BD /* PostGridView.swift */; };
		D89378F4272A7E9C00B7F4BD /* UserCell.swift in Sources */ = {isa = PBXBuildFile; fileRef = D89378F3272A7E9C00B7F4BD /* UserCell.swift */; };
		D89378F6272A7F7900B7F4BD /* UserListView.swift in Sources */ = {isa = PBXBuildFile; fileRef = D89378F5272A7F7900B7F4BD /* UserListView.swift */; };
		D89378F8272A846600B7F4BD /* Extensions.swift in Sources */ = {isa = PBXBuildFile; fileRef = D89378F7272A846600B7F4BD /* Extensions.swift */; };
/* End PBXBuildFile section */

/* Begin PBXFileReference section */
		D834DFDA27058695000ED04E /* Instagram.app */ = {isa = PBXFileReference; explicitFileType = wrapper.application; includeInIndex = 0; path = Instagram.app; sourceTree = BUILT_PRODUCTS_DIR; };
		D834DFDD27058695000ED04E /* InstagramApp.swift */ = {isa = PBXFileReference; lastKnownFileType = sourcecode.swift; path = InstagramApp.swift; sourceTree = "<group>"; };
		D834DFDF27058695000ED04E /* ContentView.swift */ = {isa = PBXFileReference; lastKnownFileType = sourcecode.swift; path = ContentView.swift; sourceTree = "<group>"; };
		D834DFE127058696000ED04E /* Assets.xcassets */ = {isa = PBXFileReference; lastKnownFileType = folder.assetcatalog; path = Assets.xcassets; sourceTree = "<group>"; };
		D834DFE427058696000ED04E /* Preview Assets.xcassets */ = {isa = PBXFileReference; lastKnownFileType = folder.assetcatalog; path = "Preview Assets.xcassets"; sourceTree = "<group>"; };
		D834DFE627058696000ED04E /* Info.plist */ = {isa = PBXFileReference; lastKnownFileType = text.plist.xml; path = Info.plist; sourceTree = "<group>"; };
		D834DFF9270594D5000ED04E /* NotificationsView.swift */ = {isa = PBXFileReference; lastKnownFileType = sourcecode.swift; path = NotificationsView.swift; sourceTree = "<group>"; };
		D834DFFB27059504000ED04E /* SearchView.swift */ = {isa = PBXFileReference; lastKnownFileType = sourcecode.swift; path = SearchView.swift; sourceTree = "<group>"; };
		D834DFFD2705952A000ED04E /* UploadPostView.swift */ = {isa = PBXFileReference; lastKnownFileType = sourcecode.swift; path = UploadPostView.swift; sourceTree = "<group>"; };
		D834DFFF27059553000ED04E /* ProfileView.swift */ = {isa = PBXFileReference; lastKnownFileType = sourcecode.swift; path = ProfileView.swift; sourceTree = "<group>"; };
		D834E0012705957A000ED04E /* FeedView.swift */ = {isa = PBXFileReference; lastKnownFileType = sourcecode.swift; path = FeedView.swift; sourceTree = "<group>"; };
		D834E00327059609000ED04E /* MainTabView.swift */ = {isa = PBXFileReference; lastKnownFileType = sourcecode.swift; path = MainTabView.swift; sourceTree = "<group>"; };
		D834E00627059DC4000ED04E /* FeedCell.swift */ = {isa = PBXFileReference; lastKnownFileType = sourcecode.swift; path = FeedCell.swift; sourceTree = "<group>"; };
		D85EAA40270ED9ED00932EF3 /* SearchBar.swift */ = {isa = PBXFileReference; lastKnownFileType = sourcecode.swift; path = SearchBar.swift; sourceTree = "<group>"; };
		D89378F1272A7CDA00B7F4BD /* PostGridView.swift */ = {isa = PBXFileReference; lastKnownFileType = sourcecode.swift; path = PostGridView.swift; sourceTree = "<group>"; };
		D89378F3272A7E9C00B7F4BD /* UserCell.swift */ = {isa = PBXFileReference; lastKnownFileType = sourcecode.swift; path = UserCell.swift; sourceTree = "<group>"; };
		D89378F5272A7F7900B7F4BD /* UserListView.swift */ = {isa = PBXFileReference; lastKnownFileType = sourcecode.swift; path = UserListView.swift; sourceTree = "<group>"; };
		D89378F7272A846600B7F4BD /* Extensions.swift */ = {isa = PBXFileReference; lastKnownFileType = sourcecode.swift; path = Extensions.swift; sourceTree = "<group>"; };
/* End PBXFileReference section */

/* Begin PBXFrameworksBuildPhase section */
		D834DFD727058695000ED04E /* Frameworks */ = {
			isa = PBXFrameworksBuildPhase;
			buildActionMask = 2147483647;
			files = (
			);
			runOnlyForDeploymentPostprocessing = 0;
		};
/* End PBXFrameworksBuildPhase section */

/* Begin PBXGroup section */
		D834DFD127058695000ED04E = {
			isa = PBXGroup;
			children = (
				D834DFDC27058695000ED04E /* Instagram */,
				D834DFDB27058695000ED04E /* Products */,
			);
			sourceTree = "<group>";
		};
		D834DFDB27058695000ED04E /* Products */ = {
			isa = PBXGroup;
			children = (
				D834DFDA27058695000ED04E /* Instagram.app */,
			);
			name = Products;
			sourceTree = "<group>";
		};
		D834DFDC27058695000ED04E /* Instagram */ = {
			isa = PBXGroup;
			children = (
				D834DFF027058EEE000ED04E /* Utils */,
				D834DFEF27058EE9000ED04E /* API */,
				D834DFEE27058EE1000ED04E /* ViewModel */,
				D834DFED27058ED8000ED04E /* View */,
				D834DFEC27058EC5000ED04E /* Model */,
				D834DFDD27058695000ED04E /* InstagramApp.swift */,
				D834DFE127058696000ED04E /* Assets.xcassets */,
				D834DFE627058696000ED04E /* Info.plist */,
				D834DFE327058696000ED04E /* Preview Content */,
			);
			path = Instagram;
			sourceTree = "<group>";
		};
		D834DFE327058696000ED04E /* Preview Content */ = {
			isa = PBXGroup;
			children = (
				D834DFE427058696000ED04E /* Preview Assets.xcassets */,
			);
			path = "Preview Content";
			sourceTree = "<group>";
		};
		D834DFEC27058EC5000ED04E /* Model */ = {
			isa = PBXGroup;
			children = (
			);
			path = Model;
			sourceTree = "<group>";
		};
		D834DFED27058ED8000ED04E /* View */ = {
			isa = PBXGroup;
			children = (
				D89378F0272A7C7000B7F4BD /* Items */,
				D834DFF827059251000ED04E /* Main */,
				D834DFF72705924B000ED04E /* Notifications */,
				D834DFF627059240000ED04E /* Authentication */,
				D834DFF52705923B000ED04E /* Profile */,
				D834DFF427059235000ED04E /* Search */,
				D834DFF32705922D000ED04E /* Comments */,
				D834DFF227059226000ED04E /* Feed */,
				D834DFF12705921C000ED04E /* UploadPost */,
			);
			path = View;
			sourceTree = "<group>";
		};
		D834DFEE27058EE1000ED04E /* ViewModel */ = {
			isa = PBXGroup;
			children = (
			);
			path = ViewModel;
			sourceTree = "<group>";
		};
		D834DFEF27058EE9000ED04E /* API */ = {
			isa = PBXGroup;
			children = (
			);
			path = API;
			sourceTree = "<group>";
		};
		D834DFF027058EEE000ED04E /* Utils */ = {
			isa = PBXGroup;
			children = (
				D89378F7272A846600B7F4BD /* Extensions.swift */,
			);
			path = Utils;
			sourceTree = "<group>";
		};
		D834DFF12705921C000ED04E /* UploadPost */ = {
			isa = PBXGroup;
			children = (
				D834DFFD2705952A000ED04E /* UploadPostView.swift */,
			);
			path = UploadPost;
			sourceTree = "<group>";
		};
		D834DFF227059226000ED04E /* Feed */ = {
			isa = PBXGroup;
			children = (
				D834E0012705957A000ED04E /* FeedView.swift */,
				D834E00627059DC4000ED04E /* FeedCell.swift */,
			);
			path = Feed;
			sourceTree = "<group>";
		};
		D834DFF32705922D000ED04E /* Comments */ = {
			isa = PBXGroup;
			children = (
			);
			path = Comments;
			sourceTree = "<group>";
		};
		D834DFF427059235000ED04E /* Search */ = {
			isa = PBXGroup;
			children = (
				D834DFFB27059504000ED04E /* SearchView.swift */,
				D85EAA40270ED9ED00932EF3 /* SearchBar.swift */,
			);
			path = Search;
			sourceTree = "<group>";
		};
		D834DFF52705923B000ED04E /* Profile */ = {
			isa = PBXGroup;
			children = (
				D834DFFF27059553000ED04E /* ProfileView.swift */,
			);
			path = Profile;
			sourceTree = "<group>";
		};
		D834DFF627059240000ED04E /* Authentication */ = {
			isa = PBXGroup;
			children = (
			);
			path = Authentication;
			sourceTree = "<group>";
		};
		D834DFF72705924B000ED04E /* Notifications */ = {
			isa = PBXGroup;
			children = (
				D834DFF9270594D5000ED04E /* NotificationsView.swift */,
			);
			path = Notifications;
			sourceTree = "<group>";
		};
		D834DFF827059251000ED04E /* Main */ = {
			isa = PBXGroup;
			children = (
				D834DFDF27058695000ED04E /* ContentView.swift */,
				D834E00327059609000ED04E /* MainTabView.swift */,
			);
			path = Main;
			sourceTree = "<group>";
		};
		D89378F0272A7C7000B7F4BD /* Items */ = {
			isa = PBXGroup;
			children = (
				D89378F1272A7CDA00B7F4BD /* PostGridView.swift */,
				D89378F3272A7E9C00B7F4BD /* UserCell.swift */,
				D89378F5272A7F7900B7F4BD /* UserListView.swift */,
			);
			path = Items;
			sourceTree = "<group>";
		};
/* End PBXGroup section */

/* Begin PBXNativeTarget section */
		D834DFD927058695000ED04E /* Instagram */ = {
			isa = PBXNativeTarget;
			buildConfigurationList = D834DFE927058696000ED04E /* Build configuration list for PBXNativeTarget "Instagram" */;
			buildPhases = (
				D834DFD627058695000ED04E /* Sources */,
				D834DFD727058695000ED04E /* Frameworks */,
				D834DFD827058695000ED04E /* Resources */,
			);
			buildRules = (
			);
			dependencies = (
			);
			name = Instagram;
			productName = Instagram;
			productReference = D834DFDA27058695000ED04E /* Instagram.app */;
			productType = "com.apple.product-type.application";
		};
/* End PBXNativeTarget section */

/* Begin PBXProject section */
		D834DFD227058695000ED04E /* Project object */ = {
			isa = PBXProject;
			attributes = {
				LastSwiftUpdateCheck = 1250;
				LastUpgradeCheck = 1250;
				TargetAttributes = {
					D834DFD927058695000ED04E = {
						CreatedOnToolsVersion = 12.5.1;
					};
				};
			};
			buildConfigurationList = D834DFD527058695000ED04E /* Build configuration list for PBXProject "Instagram" */;
			compatibilityVersion = "Xcode 9.3";
			developmentRegion = en;
			hasScannedForEncodings = 0;
			knownRegions = (
				en,
				Base,
			);
			mainGroup = D834DFD127058695000ED04E;
			productRefGroup = D834DFDB27058695000ED04E /* Products */;
			projectDirPath = "";
			projectRoot = "";
			targets = (
				D834DFD927058695000ED04E /* Instagram */,
			);
		};
/* End PBXProject section */

/* Begin PBXResourcesBuildPhase section */
		D834DFD827058695000ED04E /* Resources */ = {
			isa = PBXResourcesBuildPhase;
			buildActionMask = 2147483647;
			files = (
				D834DFE527058696000ED04E /* Preview Assets.xcassets in Resources */,
				D834DFE227058696000ED04E /* Assets.xcassets in Resources */,
			);
			runOnlyForDeploymentPostprocessing = 0;
		};
/* End PBXResourcesBuildPhase section */

/* Begin PBXSourcesBuildPhase section */
		D834DFD627058695000ED04E /* Sources */ = {
			isa = PBXSourcesBuildPhase;
			buildActionMask = 2147483647;
			files = (
				D834E0022705957A000ED04E /* FeedView.swift in Sources */,
				D834DFFC27059504000ED04E /* SearchView.swift in Sources */,
				D89378F2272A7CDA00B7F4BD /* PostGridView.swift in Sources */,
				D834DFFE2705952A000ED04E /* UploadPostView.swift in Sources */,
				D834E00427059609000ED04E /* MainTabView.swift in Sources */,
				D834DFE027058695000ED04E /* ContentView.swift in Sources */,
				D834DFDE27058695000ED04E /* InstagramApp.swift in Sources */,
				D834E00027059553000ED04E /* ProfileView.swift in Sources */,
				D89378F4272A7E9C00B7F4BD /* UserCell.swift in Sources */,
				D85EAA41270ED9ED00932EF3 /* SearchBar.swift in Sources */,
				D834DFFA270594D5000ED04E /* NotificationsView.swift in Sources */,
				D834E00727059DC5000ED04E /* FeedCell.swift in Sources */,
				D89378F6272A7F7900B7F4BD /* UserListView.swift in Sources */,
				D89378F8272A846600B7F4BD /* Extensions.swift in Sources */,
			);
			runOnlyForDeploymentPostprocessing = 0;
		};
/* End PBXSourcesBuildPhase section */

/* Begin XCBuildConfiguration section */
		D834DFE727058696000ED04E /* Debug */ = {
			isa = XCBuildConfiguration;
			buildSettings = {
				ALWAYS_SEARCH_USER_PATHS = NO;
				CLANG_ANALYZER_NONNULL = YES;
				CLANG_ANALYZER_NUMBER_OBJECT_CONVERSION = YES_AGGRESSIVE;
				CLANG_CXX_LANGUAGE_STANDARD = "gnu++14";
				CLANG_CXX_LIBRARY = "libc++";
				CLANG_ENABLE_MODULES = YES;
				CLANG_ENABLE_OBJC_ARC = YES;
				CLANG_ENABLE_OBJC_WEAK = YES;
				CLANG_WARN_BLOCK_CAPTURE_AUTORELEASING = YES;
				CLANG_WARN_BOOL_CONVERSION = YES;
				CLANG_WARN_COMMA = YES;
				CLANG_WARN_CONSTANT_CONVERSION = YES;
				CLANG_WARN_DEPRECATED_OBJC_IMPLEMENTATIONS = YES;
				CLANG_WARN_DIRECT_OBJC_ISA_USAGE = YES_ERROR;
				CLANG_WARN_DOCUMENTATION_COMMENTS = YES;
				CLANG_WARN_EMPTY_BODY = YES;
				CLANG_WARN_ENUM_CONVERSION = YES;
				CLANG_WARN_INFINITE_RECURSION = YES;
				CLANG_WARN_INT_CONVERSION = YES;
				CLANG_WARN_NON_LITERAL_NULL_CONVERSION = YES;
				CLANG_WARN_OBJC_IMPLICIT_RETAIN_SELF = YES;
				CLANG_WARN_OBJC_LITERAL_CONVERSION = YES;
				CLANG_WARN_OBJC_ROOT_CLASS = YES_ERROR;
				CLANG_WARN_QUOTED_INCLUDE_IN_FRAMEWORK_HEADER = YES;
				CLANG_WARN_RANGE_LOOP_ANALYSIS = YES;
				CLANG_WARN_STRICT_PROTOTYPES = YES;
				CLANG_WARN_SUSPICIOUS_MOVE = YES;
				CLANG_WARN_UNGUARDED_AVAILABILITY = YES_AGGRESSIVE;
				CLANG_WARN_UNREACHABLE_CODE = YES;
				CLANG_WARN__DUPLICATE_METHOD_MATCH = YES;
				COPY_PHASE_STRIP = NO;
				DEBUG_INFORMATION_FORMAT = dwarf;
				ENABLE_STRICT_OBJC_MSGSEND = YES;
				ENABLE_TESTABILITY = YES;
				GCC_C_LANGUAGE_STANDARD = gnu11;
				GCC_DYNAMIC_NO_PIC = NO;
				GCC_NO_COMMON_BLOCKS = YES;
				GCC_OPTIMIZATION_LEVEL = 0;
				GCC_PREPROCESSOR_DEFINITIONS = (
					"DEBUG=1",
					"$(inherited)",
				);
				GCC_WARN_64_TO_32_BIT_CONVERSION = YES;
				GCC_WARN_ABOUT_RETURN_TYPE = YES_ERROR;
				GCC_WARN_UNDECLARED_SELECTOR = YES;
				GCC_WARN_UNINITIALIZED_AUTOS = YES_AGGRESSIVE;
				GCC_WARN_UNUSED_FUNCTION = YES;
				GCC_WARN_UNUSED_VARIABLE = YES;
				IPHONEOS_DEPLOYMENT_TARGET = 14.5;
				MTL_ENABLE_DEBUG_INFO = INCLUDE_SOURCE;
				MTL_FAST_MATH = YES;
				ONLY_ACTIVE_ARCH = YES;
				SDKROOT = iphoneos;
				SWIFT_ACTIVE_COMPILATION_CONDITIONS = DEBUG;
				SWIFT_OPTIMIZATION_LEVEL = "-Onone";
			};
			name = Debug;
		};
		D834DFE827058696000ED04E /* Release */ = {
			isa = XCBuildConfiguration;
			buildSettings = {
				ALWAYS_SEARCH_USER_PATHS = NO;
				CLANG_ANALYZER_NONNULL = YES;
				CLANG_ANALYZER_NUMBER_OBJECT_CONVERSION = YES_AGGRESSIVE;
				CLANG_CXX_LANGUAGE_STANDARD = "gnu++14";
				CLANG_CXX_LIBRARY = "libc++";
				CLANG_ENABLE_MODULES = YES;
				CLANG_ENABLE_OBJC_ARC = YES;
				CLANG_ENABLE_OBJC_WEAK = YES;
				CLANG_WARN_BLOCK_CAPTURE_AUTORELEASING = YES;
				CLANG_WARN_BOOL_CONVERSION = YES;
				CLANG_WARN_COMMA = YES;
				CLANG_WARN_CONSTANT_CONVERSION = YES;
				CLANG_WARN_DEPRECATED_OBJC_IMPLEMENTATIONS = YES;
				CLANG_WARN_DIRECT_OBJC_ISA_USAGE = YES_ERROR;
				CLANG_WARN_DOCUMENTATION_COMMENTS = YES;
				CLANG_WARN_EMPTY_BODY = YES;
				CLANG_WARN_ENUM_CONVERSION = YES;
				CLANG_WARN_INFINITE_RECURSION = YES;
				CLANG_WARN_INT_CONVERSION = YES;
				CLANG_WARN_NON_LITERAL_NULL_CONVERSION = YES;
				CLANG_WARN_OBJC_IMPLICIT_RETAIN_SELF = YES;
				CLANG_WARN_OBJC_LITERAL_CONVERSION = YES;
				CLANG_WARN_OBJC_ROOT_CLASS = YES_ERROR;
				CLANG_WARN_QUOTED_INCLUDE_IN_FRAMEWORK_HEADER = YES;
				CLANG_WARN_RANGE_LOOP_ANALYSIS = YES;
				CLANG_WARN_STRICT_PROTOTYPES = YES;
				CLANG_WARN_SUSPICIOUS_MOVE = YES;
				CLANG_WARN_UNGUARDED_AVAILABILITY = YES_AGGRESSIVE;
				CLANG_WARN_UNREACHABLE_CODE = YES;
				CLANG_WARN__DUPLICATE_METHOD_MATCH = YES;
				COPY_PHASE_STRIP = NO;
				DEBUG_INFORMATION_FORMAT = "dwarf-with-dsym";
				ENABLE_NS_ASSERTIONS = NO;
				ENABLE_STRICT_OBJC_MSGSEND = YES;
				GCC_C_LANGUAGE_STANDARD = gnu11;
				GCC_NO_COMMON_BLOCKS = YES;
				GCC_WARN_64_TO_32_BIT_CONVERSION = YES;
				GCC_WARN_ABOUT_RETURN_TYPE = YES_ERROR;
				GCC_WARN_UNDECLARED_SELECTOR = YES;
				GCC_WARN_UNINITIALIZED_AUTOS = YES_AGGRESSIVE;
				GCC_WARN_UNUSED_FUNCTION = YES;
				GCC_WARN_UNUSED_VARIABLE = YES;
				IPHONEOS_DEPLOYMENT_TARGET = 14.5;
				MTL_ENABLE_DEBUG_INFO = NO;
				MTL_FAST_MATH = YES;
				SDKROOT = iphoneos;
				SWIFT_COMPILATION_MODE = wholemodule;
				SWIFT_OPTIMIZATION_LEVEL = "-O";
				VALIDATE_PRODUCT = YES;
			};
			name = Release;
		};
		D834DFEA27058696000ED04E /* Debug */ = {
			isa = XCBuildConfiguration;
			buildSettings = {
				ASSETCATALOG_COMPILER_APPICON_NAME = AppIcon;
				ASSETCATALOG_COMPILER_GLOBAL_ACCENT_COLOR_NAME = AccentColor;
				CODE_SIGN_STYLE = Automatic;
				DEVELOPMENT_ASSET_PATHS = "\"Instagram/Preview Content\"";
				ENABLE_PREVIEWS = YES;
				INFOPLIST_FILE = Instagram/Info.plist;
				IPHONEOS_DEPLOYMENT_TARGET = 14.0;
				LD_RUNPATH_SEARCH_PATHS = (
					"$(inherited)",
					"@executable_path/Frameworks",
				);
				PRODUCT_BUNDLE_IDENTIFIER = com.yerim.Instagram;
				PRODUCT_NAME = "$(TARGET_NAME)";
				SWIFT_VERSION = 5.0;
				TARGETED_DEVICE_FAMILY = "1,2";
			};
			name = Debug;
		};
		D834DFEB27058696000ED04E /* Release */ = {
			isa = XCBuildConfiguration;
			buildSettings = {
				ASSETCATALOG_COMPILER_APPICON_NAME = AppIcon;
				ASSETCATALOG_COMPILER_GLOBAL_ACCENT_COLOR_NAME = AccentColor;
				CODE_SIGN_STYLE = Automatic;
				DEVELOPMENT_ASSET_PATHS = "\"Instagram/Preview Content\"";
				ENABLE_PREVIEWS = YES;
				INFOPLIST_FILE = Instagram/Info.plist;
				IPHONEOS_DEPLOYMENT_TARGET = 14.0;
				LD_RUNPATH_SEARCH_PATHS = (
					"$(inherited)",
					"@executable_path/Frameworks",
				);
				PRODUCT_BUNDLE_IDENTIFIER = com.yerim.Instagram;
				PRODUCT_NAME = "$(TARGET_NAME)";
				SWIFT_VERSION = 5.0;
				TARGETED_DEVICE_FAMILY = "1,2";
			};
			name = Release;
		};
/* End XCBuildConfiguration section */

/* Begin XCConfigurationList section */
		D834DFD527058695000ED04E /* Build configuration list for PBXProject "Instagram" */ = {
			isa = XCConfigurationList;
			buildConfigurations = (
				D834DFE727058696000ED04E /* Debug */,
				D834DFE827058696000ED04E /* Release */,
			);
			defaultConfigurationIsVisible = 0;
			defaultConfigurationName = Release;
		};
		D834DFE927058696000ED04E /* Build configuration list for PBXNativeTarget "Instagram" */ = {
			isa = XCConfigurationList;
			buildConfigurations = (
				D834DFEA27058696000ED04E /* Debug */,
				D834DFEB27058696000ED04E /* Release */,
			);
			defaultConfigurationIsVisible = 0;
			defaultConfigurationName = Release;
		};
/* End XCConfigurationList section */
	};
	rootObject = D834DFD227058695000ED04E /* Project object */;
}
